
Microsoft Visual Studio Solution File, Format Version 12.00
# Visual Studio Version 17
VisualStudioVersion = 17.3.32825.248
MinimumVisualStudioVersion = 10.0.40219.1
Project("{FAE04EC0-301F-11D3-BF4B-00C04F79EFBC}") = "NewsAPI", "NewsAPI\NewsAPI.csproj", "{680A5A77-9741-4A3E-8251-2A545296FCAC}"
EndProject
Global
	GlobalSection(SolutionConfigurationPlatforms) = preSolution
		Debug|Any CPU = Debug|Any CPU
		Release|Any CPU = Release|Any CPU
	EndGlobalSection
	GlobalSection(ProjectConfigurationPlatforms) = postSolution
		{680A5A77-9741-4A3E-8251-2A545296FCAC}.Debug|Any CPU.ActiveCfg = Debug|Any CPU
		{680A5A77-9741-4A3E-8251-2A545296FCAC}.Debug|Any CPU.Build.0 = Debug|Any CPU
		{680A5A77-9741-4A3E-8251-2A545296FCAC}.Release|Any CPU.ActiveCfg = Release|Any CPU
		{680A5A77-9741-4A3E-8251-2A545296FCAC}.Release|Any CPU.Build.0 = Release|Any CPU
	EndGlobalSection
	GlobalSection(SolutionProperties) = preSolution
		HideSolutionNode = FALSE
	EndGlobalSection
	GlobalSection(ExtensibilityGlobals) = postSolution
		SolutionGuid = {042F89D2-78E6-4D36-AE0F-E4403E34404C}
	EndGlobalSection
EndGlobal
